
Microsoft Visual Studio Solution File, Format Version 12.00
# Visual Studio 2013
VisualStudioVersion = 12.0.30723.0
MinimumVisualStudioVersion = 10.0.40219.1
Project("{2150E333-8FDC-42A3-9474-1A3956D46DE8}") = "Chapter1", "Chapter1", "{A0E02302-CE7E-4AEC-BCF4-55168D357612}"
EndProject
Project("{FAE04EC0-301F-11D3-BF4B-00C04F79EFBC}") = "Chapter1.Listing.1.1", "Chapter1.Listing.1.1\Chapter1.Listing.1.1.csproj", "{F849D104-BC28-404D-9CF9-BE8FB05826F7}"
EndProject
Project("{FAE04EC0-301F-11D3-BF4B-00C04F79EFBC}") = "Chapter1.Listing.1.2", "Chapter1.Listing.1.2\Chapter1.Listing.1.2.csproj", "{F142A993-0741-4398-93C2-47ED4C9753B5}"
EndProject
Project("{FAE04EC0-301F-11D3-BF4B-00C04F79EFBC}") = "Chapter1.Listing.1.3", "Chapter1.Listing.1.3\Chapter1.Listing.1.3.csproj", "{87A7B2FC-45D7-4DE5-9D40-733FA0BEBD36}"
EndProject
Project("{FAE04EC0-301F-11D3-BF4B-00C04F79EFBC}") = "Chapter1.Listing.1.4", "Chapter1.Listing.1.4\Chapter1.Listing.1.4.csproj", "{8266ED8C-14EA-4BB4-A12A-1C1F71847B1C}"
EndProject
Project("{FAE04EC0-301F-11D3-BF4B-00C04F79EFBC}") = "Chapter1.Listing.1.5", "Chapter1.Listing.1.5\Chapter1.Listing.1.5.csproj", "{C509FCFF-0FE9-4B7D-8A1E-FEA401E22C3A}"
EndProject
Project("{FAE04EC0-301F-11D3-BF4B-00C04F79EFBC}") = "Chapter1.Listing.1.6", "Chapter1.Listing.1.6\Chapter1.Listing.1.6.csproj", "{C0038305-B8B9-46EE-B7B4-BD0F9D4FEE20}"
EndProject
Project("{FAE04EC0-301F-11D3-BF4B-00C04F79EFBC}") = "Chapter1.Listing.1.7", "Chapter1.Listing.1.7\Chapter1.Listing.1.7.csproj", "{BEA40AE0-48D8-4AF6-AF2B-7A9B112771EE}"
EndProject
Project("{FAE04EC0-301F-11D3-BF4B-00C04F79EFBC}") = "Chapter1.Listing.1.8", "Chapter1.Listing.1.8\Chapter1.Listing.1.8.csproj", "{6CF2CE5A-0661-4DC8-8748-7E4741CDE64B}"
EndProject
Project("{FAE04EC0-301F-11D3-BF4B-00C04F79EFBC}") = "Chapter1.Listing.1.9", "Chapter1.Listing.1.9\Chapter1.Listing.1.9.csproj", "{FEF42775-7F63-4FB3-9E0C-8E898DA15123}"
EndProject
Project("{FAE04EC0-301F-11D3-BF4B-00C04F79EFBC}") = "Chapter1.Listing_.1.11", "Chapter1.Listing_.1.11\Chapter1.Listing_.1.11.csproj", "{3CCDB13A-9E19-44EC-B5DC-98C60D841615}"
EndProject
Project("{FAE04EC0-301F-11D3-BF4B-00C04F79EFBC}") = "Chapter1.Listing_.1.13", "Chapter1.Listing_.1.13\Chapter1.Listing_.1.13.csproj", "{C6D07A0C-BEBA-47D5-814D-C9A7E259BD42}"
EndProject
Project("{2150E333-8FDC-42A3-9474-1A3956D46DE8}") = "1.Threads", "1.Threads", "{4A8734FF-9FDD-4C40-8A31-AC32B0D85C60}"
EndProject
Project("{2150E333-8FDC-42A3-9474-1A3956D46DE8}") = "2.Threadpools", "2.Threadpools", "{64FC949F-A05E-465F-AAFA-84028C1B1B0A}"
EndProject
Project("{2150E333-8FDC-42A3-9474-1A3956D46DE8}") = "3.Tasks", "3.Tasks", "{DB4B3CBE-09A3-4E46-9297-0BD9C6CB27F3}"
EndProject
Project("{FAE04EC0-301F-11D3-BF4B-00C04F79EFBC}") = "Chapter1.Listing_.1.14", "Chapter1.Listing_.1.14\Chapter1.Listing_.1.14.csproj", "{58229541-B6FD-4363-A9DE-D3578969CD15}"
EndProject
Project("{FAE04EC0-301F-11D3-BF4B-00C04F79EFBC}") = "Chapter1.Listing_.1.15", "Chapter1.Listing_.1.15\Chapter1.Listing_.1.15.csproj", "{4BD7F24D-D1CC-4CF2-9383-96DA94A1DCAB}"
EndProject
Project("{2150E333-8FDC-42A3-9474-1A3956D46DE8}") = "4.Parrallel", "4.Parrallel", "{9FC6C1C7-250C-4F1F-9DD3-3C31AC5CA62C}"
EndProject
Project("{FAE04EC0-301F-11D3-BF4B-00C04F79EFBC}") = "Chapter1.Listing_.1.16", "Chapter1.Listing_.1.16\Chapter1.Listing_.1.16.csproj", "{F9B3709B-5E9C-4D51-9F7C-44EA52279E95}"
EndProject
Project("{FAE04EC0-301F-11D3-BF4B-00C04F79EFBC}") = "Chapter1.Listing_.1.17", "Chapter1.Listing_.1.17\Chapter1.Listing_.1.17.csproj", "{ACDA0575-1742-4B4D-A235-3AF39ED8D509}"
EndProject
Project("{2150E333-8FDC-42A3-9474-1A3956D46DE8}") = "5.Async", "5.Async", "{75BCCC3E-D840-48CD-BBB5-FCD8206D7E3A}"
EndProject
Project("{FAE04EC0-301F-11D3-BF4B-00C04F79EFBC}") = "Chapter1.Listing_.1.18", "Chapter1.Listing_.1.18\Chapter1.Listing_.1.18.csproj", "{ACDD70EA-2E79-470C-AD99-E048CC4C79AF}"
EndProject
Project("{FAE04EC0-301F-11D3-BF4B-00C04F79EFBC}") = "Chapter1.Listing_.1.10", "Chapter1.Listing_.1.10\Chapter1.Listing_.1.10.csproj", "{F0D7BF23-6054-4A0C-9CFA-A064E6D4442F}"
EndProject
Project("{FAE04EC0-301F-11D3-BF4B-00C04F79EFBC}") = "Chapter1.Listing_.1.12", "Chapter1.Listing_.1.12\Chapter1.Listing_.1.12.csproj", "{D3D93042-5108-4672-88AB-B40035F4782D}"
EndProject
Project("{FAE04EC0-301F-11D3-BF4B-00C04F79EFBC}") = "Chapter1.Listing_.1.20", "Chapter1.Listing_.1.20\Chapter1.Listing_.1.20.csproj", "{78258344-B4B0-4253-B208-21D8AE89B6E6}"
EndProject
Project("{FAE04EC0-301F-11D3-BF4B-00C04F79EFBC}") = "Chapter1.Listing_.1.21", "Chapter1.Listing_.1.21\Chapter1.Listing_.1.21.csproj", "{38F8FD22-6A73-42F7-AAA4-ABBD809AEF2E}"
EndProject
Project("{2150E333-8FDC-42A3-9474-1A3956D46DE8}") = "6.PLINQ", "6.PLINQ", "{324051B6-84EA-4251-A500-CF18A688AAB7}"
EndProject
Project("{FAE04EC0-301F-11D3-BF4B-00C04F79EFBC}") = "Chapter1.Listing_.1.22", "Chapter1.Listing_.1.22\Chapter1.Listing_.1.22.csproj", "{80BEDFC8-31E3-43F8-A753-8DB2EBB8DCA9}"
EndProject
Global
	GlobalSection(SolutionConfigurationPlatforms) = preSolution
		Debug|Any CPU = Debug|Any CPU
		Release|Any CPU = Release|Any CPU
	EndGlobalSection
	GlobalSection(ProjectConfigurationPlatforms) = postSolution
		{F849D104-BC28-404D-9CF9-BE8FB05826F7}.Debug|Any CPU.ActiveCfg = Debug|Any CPU
		{F849D104-BC28-404D-9CF9-BE8FB05826F7}.Debug|Any CPU.Build.0 = Debug|Any CPU
		{F849D104-BC28-404D-9CF9-BE8FB05826F7}.Release|Any CPU.ActiveCfg = Release|Any CPU
		{F849D104-BC28-404D-9CF9-BE8FB05826F7}.Release|Any CPU.Build.0 = Release|Any CPU
		{F142A993-0741-4398-93C2-47ED4C9753B5}.Debug|Any CPU.ActiveCfg = Debug|Any CPU
		{F142A993-0741-4398-93C2-47ED4C9753B5}.Debug|Any CPU.Build.0 = Debug|Any CPU
		{F142A993-0741-4398-93C2-47ED4C9753B5}.Release|Any CPU.ActiveCfg = Release|Any CPU
		{F142A993-0741-4398-93C2-47ED4C9753B5}.Release|Any CPU.Build.0 = Release|Any CPU
		{87A7B2FC-45D7-4DE5-9D40-733FA0BEBD36}.Debug|Any CPU.ActiveCfg = Debug|Any CPU
		{87A7B2FC-45D7-4DE5-9D40-733FA0BEBD36}.Debug|Any CPU.Build.0 = Debug|Any CPU
		{87A7B2FC-45D7-4DE5-9D40-733FA0BEBD36}.Release|Any CPU.ActiveCfg = Release|Any CPU
		{87A7B2FC-45D7-4DE5-9D40-733FA0BEBD36}.Release|Any CPU.Build.0 = Release|Any CPU
		{8266ED8C-14EA-4BB4-A12A-1C1F71847B1C}.Debug|Any CPU.ActiveCfg = Debug|Any CPU
		{8266ED8C-14EA-4BB4-A12A-1C1F71847B1C}.Debug|Any CPU.Build.0 = Debug|Any CPU
		{8266ED8C-14EA-4BB4-A12A-1C1F71847B1C}.Release|Any CPU.ActiveCfg = Release|Any CPU
		{8266ED8C-14EA-4BB4-A12A-1C1F71847B1C}.Release|Any CPU.Build.0 = Release|Any CPU
		{C509FCFF-0FE9-4B7D-8A1E-FEA401E22C3A}.Debug|Any CPU.ActiveCfg = Debug|Any CPU
		{C509FCFF-0FE9-4B7D-8A1E-FEA401E22C3A}.Debug|Any CPU.Build.0 = Debug|Any CPU
		{C509FCFF-0FE9-4B7D-8A1E-FEA401E22C3A}.Release|Any CPU.ActiveCfg = Release|Any CPU
		{C509FCFF-0FE9-4B7D-8A1E-FEA401E22C3A}.Release|Any CPU.Build.0 = Release|Any CPU
		{C0038305-B8B9-46EE-B7B4-BD0F9D4FEE20}.Debug|Any CPU.ActiveCfg = Debug|Any CPU
		{C0038305-B8B9-46EE-B7B4-BD0F9D4FEE20}.Debug|Any CPU.Build.0 = Debug|Any CPU
		{C0038305-B8B9-46EE-B7B4-BD0F9D4FEE20}.Release|Any CPU.ActiveCfg = Release|Any CPU
		{C0038305-B8B9-46EE-B7B4-BD0F9D4FEE20}.Release|Any CPU.Build.0 = Release|Any CPU
		{BEA40AE0-48D8-4AF6-AF2B-7A9B112771EE}.Debug|Any CPU.ActiveCfg = Debug|Any CPU
		{BEA40AE0-48D8-4AF6-AF2B-7A9B112771EE}.Debug|Any CPU.Build.0 = Debug|Any CPU
		{BEA40AE0-48D8-4AF6-AF2B-7A9B112771EE}.Release|Any CPU.ActiveCfg = Release|Any CPU
		{BEA40AE0-48D8-4AF6-AF2B-7A9B112771EE}.Release|Any CPU.Build.0 = Release|Any CPU
		{6CF2CE5A-0661-4DC8-8748-7E4741CDE64B}.Debug|Any CPU.ActiveCfg = Debug|Any CPU
		{6CF2CE5A-0661-4DC8-8748-7E4741CDE64B}.Debug|Any CPU.Build.0 = Debug|Any CPU
		{6CF2CE5A-0661-4DC8-8748-7E4741CDE64B}.Release|Any CPU.ActiveCfg = Release|Any CPU
		{6CF2CE5A-0661-4DC8-8748-7E4741CDE64B}.Release|Any CPU.Build.0 = Release|Any CPU
		{FEF42775-7F63-4FB3-9E0C-8E898DA15123}.Debug|Any CPU.ActiveCfg = Debug|Any CPU
		{FEF42775-7F63-4FB3-9E0C-8E898DA15123}.Debug|Any CPU.Build.0 = Debug|Any CPU
		{FEF42775-7F63-4FB3-9E0C-8E898DA15123}.Release|Any CPU.ActiveCfg = Release|Any CPU
		{FEF42775-7F63-4FB3-9E0C-8E898DA15123}.Release|Any CPU.Build.0 = Release|Any CPU
		{3CCDB13A-9E19-44EC-B5DC-98C60D841615}.Debug|Any CPU.ActiveCfg = Debug|Any CPU
		{3CCDB13A-9E19-44EC-B5DC-98C60D841615}.Debug|Any CPU.Build.0 = Debug|Any CPU
		{3CCDB13A-9E19-44EC-B5DC-98C60D841615}.Release|Any CPU.ActiveCfg = Release|Any CPU
		{3CCDB13A-9E19-44EC-B5DC-98C60D841615}.Release|Any CPU.Build.0 = Release|Any CPU
		{C6D07A0C-BEBA-47D5-814D-C9A7E259BD42}.Debug|Any CPU.ActiveCfg = Debug|Any CPU
		{C6D07A0C-BEBA-47D5-814D-C9A7E259BD42}.Debug|Any CPU.Build.0 = Debug|Any CPU
		{C6D07A0C-BEBA-47D5-814D-C9A7E259BD42}.Release|Any CPU.ActiveCfg = Release|Any CPU
		{C6D07A0C-BEBA-47D5-814D-C9A7E259BD42}.Release|Any CPU.Build.0 = Release|Any CPU
		{58229541-B6FD-4363-A9DE-D3578969CD15}.Debug|Any CPU.ActiveCfg = Debug|Any CPU
		{58229541-B6FD-4363-A9DE-D3578969CD15}.Debug|Any CPU.Build.0 = Debug|Any CPU
		{58229541-B6FD-4363-A9DE-D3578969CD15}.Release|Any CPU.ActiveCfg = Release|Any CPU
		{58229541-B6FD-4363-A9DE-D3578969CD15}.Release|Any CPU.Build.0 = Release|Any CPU
		{4BD7F24D-D1CC-4CF2-9383-96DA94A1DCAB}.Debug|Any CPU.ActiveCfg = Debug|Any CPU
		{4BD7F24D-D1CC-4CF2-9383-96DA94A1DCAB}.Debug|Any CPU.Build.0 = Debug|Any CPU
		{4BD7F24D-D1CC-4CF2-9383-96DA94A1DCAB}.Release|Any CPU.ActiveCfg = Release|Any CPU
		{4BD7F24D-D1CC-4CF2-9383-96DA94A1DCAB}.Release|Any CPU.Build.0 = Release|Any CPU
		{F9B3709B-5E9C-4D51-9F7C-44EA52279E95}.Debug|Any CPU.ActiveCfg = Debug|Any CPU
		{F9B3709B-5E9C-4D51-9F7C-44EA52279E95}.Debug|Any CPU.Build.0 = Debug|Any CPU
		{F9B3709B-5E9C-4D51-9F7C-44EA52279E95}.Release|Any CPU.ActiveCfg = Release|Any CPU
		{F9B3709B-5E9C-4D51-9F7C-44EA52279E95}.Release|Any CPU.Build.0 = Release|Any CPU
		{ACDA0575-1742-4B4D-A235-3AF39ED8D509}.Debug|Any CPU.ActiveCfg = Debug|Any CPU
		{ACDA0575-1742-4B4D-A235-3AF39ED8D509}.Debug|Any CPU.Build.0 = Debug|Any CPU
		{ACDA0575-1742-4B4D-A235-3AF39ED8D509}.Release|Any CPU.ActiveCfg = Release|Any CPU
		{ACDA0575-1742-4B4D-A235-3AF39ED8D509}.Release|Any CPU.Build.0 = Release|Any CPU
		{ACDD70EA-2E79-470C-AD99-E048CC4C79AF}.Debug|Any CPU.ActiveCfg = Debug|Any CPU
		{ACDD70EA-2E79-470C-AD99-E048CC4C79AF}.Debug|Any CPU.Build.0 = Debug|Any CPU
		{ACDD70EA-2E79-470C-AD99-E048CC4C79AF}.Release|Any CPU.ActiveCfg = Release|Any CPU
		{ACDD70EA-2E79-470C-AD99-E048CC4C79AF}.Release|Any CPU.Build.0 = Release|Any CPU
		{F0D7BF23-6054-4A0C-9CFA-A064E6D4442F}.Debug|Any CPU.ActiveCfg = Debug|Any CPU
		{F0D7BF23-6054-4A0C-9CFA-A064E6D4442F}.Debug|Any CPU.Build.0 = Debug|Any CPU
		{F0D7BF23-6054-4A0C-9CFA-A064E6D4442F}.Release|Any CPU.ActiveCfg = Release|Any CPU
		{F0D7BF23-6054-4A0C-9CFA-A064E6D4442F}.Release|Any CPU.Build.0 = Release|Any CPU
		{D3D93042-5108-4672-88AB-B40035F4782D}.Debug|Any CPU.ActiveCfg = Debug|Any CPU
		{D3D93042-5108-4672-88AB-B40035F4782D}.Debug|Any CPU.Build.0 = Debug|Any CPU
		{D3D93042-5108-4672-88AB-B40035F4782D}.Release|Any CPU.ActiveCfg = Release|Any CPU
		{D3D93042-5108-4672-88AB-B40035F4782D}.Release|Any CPU.Build.0 = Release|Any CPU
		{78258344-B4B0-4253-B208-21D8AE89B6E6}.Debug|Any CPU.ActiveCfg = Debug|Any CPU
		{78258344-B4B0-4253-B208-21D8AE89B6E6}.Debug|Any CPU.Build.0 = Debug|Any CPU
		{78258344-B4B0-4253-B208-21D8AE89B6E6}.Release|Any CPU.ActiveCfg = Release|Any CPU
		{78258344-B4B0-4253-B208-21D8AE89B6E6}.Release|Any CPU.Build.0 = Release|Any CPU
		{38F8FD22-6A73-42F7-AAA4-ABBD809AEF2E}.Debug|Any CPU.ActiveCfg = Debug|Any CPU
		{38F8FD22-6A73-42F7-AAA4-ABBD809AEF2E}.Debug|Any CPU.Build.0 = Debug|Any CPU
		{38F8FD22-6A73-42F7-AAA4-ABBD809AEF2E}.Release|Any CPU.ActiveCfg = Release|Any CPU
		{38F8FD22-6A73-42F7-AAA4-ABBD809AEF2E}.Release|Any CPU.Build.0 = Release|Any CPU
		{80BEDFC8-31E3-43F8-A753-8DB2EBB8DCA9}.Debug|Any CPU.ActiveCfg = Debug|Any CPU
		{80BEDFC8-31E3-43F8-A753-8DB2EBB8DCA9}.Debug|Any CPU.Build.0 = Debug|Any CPU
		{80BEDFC8-31E3-43F8-A753-8DB2EBB8DCA9}.Release|Any CPU.ActiveCfg = Release|Any CPU
		{80BEDFC8-31E3-43F8-A753-8DB2EBB8DCA9}.Release|Any CPU.Build.0 = Release|Any CPU
	EndGlobalSection
	GlobalSection(SolutionProperties) = preSolution
		HideSolutionNode = FALSE
	EndGlobalSection
	GlobalSection(NestedProjects) = preSolution
		{F849D104-BC28-404D-9CF9-BE8FB05826F7} = {4A8734FF-9FDD-4C40-8A31-AC32B0D85C60}
		{F142A993-0741-4398-93C2-47ED4C9753B5} = {4A8734FF-9FDD-4C40-8A31-AC32B0D85C60}
		{87A7B2FC-45D7-4DE5-9D40-733FA0BEBD36} = {4A8734FF-9FDD-4C40-8A31-AC32B0D85C60}
		{8266ED8C-14EA-4BB4-A12A-1C1F71847B1C} = {4A8734FF-9FDD-4C40-8A31-AC32B0D85C60}
		{C509FCFF-0FE9-4B7D-8A1E-FEA401E22C3A} = {4A8734FF-9FDD-4C40-8A31-AC32B0D85C60}
		{C0038305-B8B9-46EE-B7B4-BD0F9D4FEE20} = {4A8734FF-9FDD-4C40-8A31-AC32B0D85C60}
		{BEA40AE0-48D8-4AF6-AF2B-7A9B112771EE} = {64FC949F-A05E-465F-AAFA-84028C1B1B0A}
		{6CF2CE5A-0661-4DC8-8748-7E4741CDE64B} = {DB4B3CBE-09A3-4E46-9297-0BD9C6CB27F3}
		{FEF42775-7F63-4FB3-9E0C-8E898DA15123} = {DB4B3CBE-09A3-4E46-9297-0BD9C6CB27F3}
		{3CCDB13A-9E19-44EC-B5DC-98C60D841615} = {DB4B3CBE-09A3-4E46-9297-0BD9C6CB27F3}
		{C6D07A0C-BEBA-47D5-814D-C9A7E259BD42} = {DB4B3CBE-09A3-4E46-9297-0BD9C6CB27F3}
		{4A8734FF-9FDD-4C40-8A31-AC32B0D85C60} = {A0E02302-CE7E-4AEC-BCF4-55168D357612}
		{64FC949F-A05E-465F-AAFA-84028C1B1B0A} = {A0E02302-CE7E-4AEC-BCF4-55168D357612}
		{DB4B3CBE-09A3-4E46-9297-0BD9C6CB27F3} = {A0E02302-CE7E-4AEC-BCF4-55168D357612}
		{58229541-B6FD-4363-A9DE-D3578969CD15} = {DB4B3CBE-09A3-4E46-9297-0BD9C6CB27F3}
		{4BD7F24D-D1CC-4CF2-9383-96DA94A1DCAB} = {DB4B3CBE-09A3-4E46-9297-0BD9C6CB27F3}
		{9FC6C1C7-250C-4F1F-9DD3-3C31AC5CA62C} = {A0E02302-CE7E-4AEC-BCF4-55168D357612}
		{F9B3709B-5E9C-4D51-9F7C-44EA52279E95} = {9FC6C1C7-250C-4F1F-9DD3-3C31AC5CA62C}
		{ACDA0575-1742-4B4D-A235-3AF39ED8D509} = {9FC6C1C7-250C-4F1F-9DD3-3C31AC5CA62C}
		{75BCCC3E-D840-48CD-BBB5-FCD8206D7E3A} = {A0E02302-CE7E-4AEC-BCF4-55168D357612}
		{ACDD70EA-2E79-470C-AD99-E048CC4C79AF} = {75BCCC3E-D840-48CD-BBB5-FCD8206D7E3A}
		{F0D7BF23-6054-4A0C-9CFA-A064E6D4442F} = {DB4B3CBE-09A3-4E46-9297-0BD9C6CB27F3}
		{D3D93042-5108-4672-88AB-B40035F4782D} = {DB4B3CBE-09A3-4E46-9297-0BD9C6CB27F3}
		{78258344-B4B0-4253-B208-21D8AE89B6E6} = {75BCCC3E-D840-48CD-BBB5-FCD8206D7E3A}
		{38F8FD22-6A73-42F7-AAA4-ABBD809AEF2E} = {75BCCC3E-D840-48CD-BBB5-FCD8206D7E3A}
		{324051B6-84EA-4251-A500-CF18A688AAB7} = {A0E02302-CE7E-4AEC-BCF4-55168D357612}
		{80BEDFC8-31E3-43F8-A753-8DB2EBB8DCA9} = {324051B6-84EA-4251-A500-CF18A688AAB7}
	EndGlobalSection
EndGlobal
