
Microsoft Visual Studio Solution File, Format Version 12.00
# Visual Studio 2013
VisualStudioVersion = 12.0.30723.0
MinimumVisualStudioVersion = 10.0.40219.1
Project("{2150E333-8FDC-42A3-9474-1A3956D46DE8}") = "Chapter1", "Chapter1", "{A0E02302-CE7E-4AEC-BCF4-55168D357612}"
EndProject
Project("{FAE04EC0-301F-11D3-BF4B-00C04F79EFBC}") = "Chapter1.Listing.1.1", "Chapter1.Listing.1.1\Chapter1.Listing.1.1.csproj", "{F849D104-BC28-404D-9CF9-BE8FB05826F7}"
EndProject
Project("{FAE04EC0-301F-11D3-BF4B-00C04F79EFBC}") = "Chapter1.Listing.1.2", "Chapter1.Listing.1.2\Chapter1.Listing.1.2.csproj", "{F142A993-0741-4398-93C2-47ED4C9753B5}"
EndProject
Project("{FAE04EC0-301F-11D3-BF4B-00C04F79EFBC}") = "Chapter1.Listing.1.3", "Chapter1.Listing.1.3\Chapter1.Listing.1.3.csproj", "{87A7B2FC-45D7-4DE5-9D40-733FA0BEBD36}"
EndProject
Project("{FAE04EC0-301F-11D3-BF4B-00C04F79EFBC}") = "Chapter1.Listing.1.4", "Chapter1.Listing.1.4\Chapter1.Listing.1.4.csproj", "{8266ED8C-14EA-4BB4-A12A-1C1F71847B1C}"
EndProject
Project("{FAE04EC0-301F-11D3-BF4B-00C04F79EFBC}") = "Chapter1.Listing.1.5", "Chapter1.Listing.1.5\Chapter1.Listing.1.5.csproj", "{C509FCFF-0FE9-4B7D-8A1E-FEA401E22C3A}"
EndProject
Project("{FAE04EC0-301F-11D3-BF4B-00C04F79EFBC}") = "Chapter1.Listing.1.6", "Chapter1.Listing.1.6\Chapter1.Listing.1.6.csproj", "{C0038305-B8B9-46EE-B7B4-BD0F9D4FEE20}"
EndProject
Project("{FAE04EC0-301F-11D3-BF4B-00C04F79EFBC}") = "Chapter1.Listing.1.7", "Chapter1.Listing.1.7\Chapter1.Listing.1.7.csproj", "{BEA40AE0-48D8-4AF6-AF2B-7A9B112771EE}"
EndProject
Project("{FAE04EC0-301F-11D3-BF4B-00C04F79EFBC}") = "Chapter1.Listing.1.8", "Chapter1.Listing.1.8\Chapter1.Listing.1.8.csproj", "{6CF2CE5A-0661-4DC8-8748-7E4741CDE64B}"
EndProject
Project("{FAE04EC0-301F-11D3-BF4B-00C04F79EFBC}") = "Chapter1.Listing.1.9", "Chapter1.Listing.1.9\Chapter1.Listing.1.9.csproj", "{FEF42775-7F63-4FB3-9E0C-8E898DA15123}"
EndProject
Project("{FAE04EC0-301F-11D3-BF4B-00C04F79EFBC}") = "Chapter1.Listing_.1.11", "Chapter1.Listing_.1.11\Chapter1.Listing_.1.11.csproj", "{3CCDB13A-9E19-44EC-B5DC-98C60D841615}"
EndProject
Project("{FAE04EC0-301F-11D3-BF4B-00C04F79EFBC}") = "Chapter1.Listing_.1.13", "Chapter1.Listing_.1.13\Chapter1.Listing_.1.13.csproj", "{C6D07A0C-BEBA-47D5-814D-C9A7E259BD42}"
EndProject
Project("{2150E333-8FDC-42A3-9474-1A3956D46DE8}") = "1.Threads", "1.Threads", "{4A8734FF-9FDD-4C40-8A31-AC32B0D85C60}"
EndProject
Project("{2150E333-8FDC-42A3-9474-1A3956D46DE8}") = "2.Threadpools", "2.Threadpools", "{64FC949F-A05E-465F-AAFA-84028C1B1B0A}"
EndProject
Project("{2150E333-8FDC-42A3-9474-1A3956D46DE8}") = "3.Tasks", "3.Tasks", "{DB4B3CBE-09A3-4E46-9297-0BD9C6CB27F3}"
EndProject
Project("{FAE04EC0-301F-11D3-BF4B-00C04F79EFBC}") = "Chapter1.Listing_.1.14", "Chapter1.Listing_.1.14\Chapter1.Listing_.1.14.csproj", "{58229541-B6FD-4363-A9DE-D3578969CD15}"
EndProject
Project("{FAE04EC0-301F-11D3-BF4B-00C04F79EFBC}") = "Chapter1.Listing_.1.15", "Chapter1.Listing_.1.15\Chapter1.Listing_.1.15.csproj", "{4BD7F24D-D1CC-4CF2-9383-96DA94A1DCAB}"
EndProject
Project("{2150E333-8FDC-42A3-9474-1A3956D46DE8}") = "4.Parrallel", "4.Parrallel", "{9FC6C1C7-250C-4F1F-9DD3-3C31AC5CA62C}"
EndProject
Project("{FAE04EC0-301F-11D3-BF4B-00C04F79EFBC}") = "Chapter1.Listing_.1.16", "Chapter1.Listing_.1.16\Chapter1.Listing_.1.16.csproj", "{F9B3709B-5E9C-4D51-9F7C-44EA52279E95}"
EndProject
Project("{FAE04EC0-301F-11D3-BF4B-00C04F79EFBC}") = "Chapter1.Listing_.1.17", "Chapter1.Listing_.1.17\Chapter1.Listing_.1.17.csproj", "{ACDA0575-1742-4B4D-A235-3AF39ED8D509}"
EndProject
Project("{2150E333-8FDC-42A3-9474-1A3956D46DE8}") = "5.Async", "5.Async", "{75BCCC3E-D840-48CD-BBB5-FCD8206D7E3A}"
EndProject
Project("{FAE04EC0-301F-11D3-BF4B-00C04F79EFBC}") = "Chapter1.Listing_.1.18", "Chapter1.Listing_.1.18\Chapter1.Listing_.1.18.csproj", "{ACDD70EA-2E79-470C-AD99-E048CC4C79AF}"
EndProject
Project("{FAE04EC0-301F-11D3-BF4B-00C04F79EFBC}") = "Chapter1.Listing_.1.10", "Chapter1.Listing_.1.10\Chapter1.Listing_.1.10.csproj", "{F0D7BF23-6054-4A0C-9CFA-A064E6D4442F}"
EndProject
Project("{FAE04EC0-301F-11D3-BF4B-00C04F79EFBC}") = "Chapter1.Listing_.1.12", "Chapter1.Listing_.1.12\Chapter1.Listing_.1.12.csproj", "{D3D93042-5108-4672-88AB-B40035F4782D}"
EndProject
Project("{FAE04EC0-301F-11D3-BF4B-00C04F79EFBC}") = "Chapter1.Listing_.1.20", "Chapter1.Listing_.1.20\Chapter1.Listing_.1.20.csproj", "{78258344-B4B0-4253-B208-21D8AE89B6E6}"
EndProject
Project("{FAE04EC0-301F-11D3-BF4B-00C04F79EFBC}") = "Chapter1.Listing_.1.21", "Chapter1.Listing_.1.21\Chapter1.Listing_.1.21.csproj", "{38F8FD22-6A73-42F7-AAA4-ABBD809AEF2E}"
EndProject
Project("{2150E333-8FDC-42A3-9474-1A3956D46DE8}") = "6.PLINQ", "6.PLINQ", "{324051B6-84EA-4251-A500-CF18A688AAB7}"
EndProject
Project("{FAE04EC0-301F-11D3-BF4B-00C04F79EFBC}") = "Chapter1.Listing_.1.22_1.23", "Chapter1.Listing_.1.22\Chapter1.Listing_.1.22_1.23.csproj", "{80BEDFC8-31E3-43F8-A753-8DB2EBB8DCA9}"
EndProject
Project("{FAE04EC0-301F-11D3-BF4B-00C04F79EFBC}") = "Chapter1.Listing_.1.24", "Chapter1.Listing_.1.24\Chapter1.Listing_.1.24.csproj", "{491C178A-C361-4758-B42E-46A60AD5363D}"
EndProject
Project("{FAE04EC0-301F-11D3-BF4B-00C04F79EFBC}") = "Chapter1.Listing_.1.25", "Chapter1.Listing_.1.25\Chapter1.Listing_.1.25.csproj", "{9DC9B611-7417-4B86-9B20-5248AD0A31BB}"
EndProject
Project("{FAE04EC0-301F-11D3-BF4B-00C04F79EFBC}") = "Chapter1.Listing_.1.26", "Chapter1.Listing_.1.26\Chapter1.Listing_.1.26.csproj", "{9A1B38A4-D6DD-4698-8B1F-C09AAA3D7197}"
EndProject
Project("{FAE04EC0-301F-11D3-BF4B-00C04F79EFBC}") = "Chapter1.Listing_.1.27", "Chapter1.Listing_.1.27\Chapter1.Listing_.1.27.csproj", "{BA066F4D-9797-4DAF-B2D0-3231CC454876}"
EndProject
Project("{2150E333-8FDC-42A3-9474-1A3956D46DE8}") = "7.Concurrent Collections", "7.Concurrent Collections", "{B9A5DF0B-8652-4FAE-BBA9-C17BC80787E6}"
EndProject
Project("{FAE04EC0-301F-11D3-BF4B-00C04F79EFBC}") = "Chapter1.Listing_.1.28", "Chapter1.Listing_.1.28\Chapter1.Listing_.1.28.csproj", "{22EF5960-7DBB-48E2-9BC1-D6489F3ABDCE}"
EndProject
Project("{FAE04EC0-301F-11D3-BF4B-00C04F79EFBC}") = "Chapter1.Listing_.1.29", "Chapter1.Listing_.1.29\Chapter1.Listing_.1.29.csproj", "{DD512B66-3E02-4051-A5D9-783D37FE2F8B}"
EndProject
Project("{FAE04EC0-301F-11D3-BF4B-00C04F79EFBC}") = "Chapter1.Listing_.1.30", "Chapter1.Listing_.1.30\Chapter1.Listing_.1.30.csproj", "{C498F40E-55AA-4BE6-A174-021B0E7BD6AE}"
EndProject
Project("{FAE04EC0-301F-11D3-BF4B-00C04F79EFBC}") = "Chapter1.Listing_.1.31", "Chapter1.Listing_.1.31\Chapter1.Listing_.1.31.csproj", "{4BCFB1F2-049E-4006-B1FE-6593DBFDC271}"
EndProject
Project("{FAE04EC0-301F-11D3-BF4B-00C04F79EFBC}") = "Chapter1.Listing_.1.32", "Chapter1.Listing_.1.32\Chapter1.Listing_.1.32.csproj", "{1D1DA84E-0105-4B66-8D66-9790C6009312}"
EndProject
Project("{FAE04EC0-301F-11D3-BF4B-00C04F79EFBC}") = "Chapter1.Listing_.1.33", "Chapter1.Listing_.1.33\Chapter1.Listing_.1.33.csproj", "{397F66DF-B7CC-4D63-A0D7-D06FCC8E4698}"
EndProject
Project("{FAE04EC0-301F-11D3-BF4B-00C04F79EFBC}") = "Chapter1.Listing_.1.34", "Chapter1.Listing_.1.34\Chapter1.Listing_.1.34.csproj", "{4307514E-281E-4F46-933A-6BDEE6202AB1}"
EndProject
Project("{2150E333-8FDC-42A3-9474-1A3956D46DE8}") = "Objective_1.1", "Objective_1.1", "{C230E750-D9EF-4F75-91A9-A3B675A26953}"
EndProject
Project("{2150E333-8FDC-42A3-9474-1A3956D46DE8}") = "Objective_1.2", "Objective_1.2", "{3D717F33-55E7-4F08-8FC7-E9AB99D6F336}"
EndProject
Project("{2150E333-8FDC-42A3-9474-1A3956D46DE8}") = "1.Synchronizing", "1.Synchronizing", "{861848D5-6D12-418E-80F9-2AE6895DB48D}"
EndProject
Project("{FAE04EC0-301F-11D3-BF4B-00C04F79EFBC}") = "Chapter1.Listing_.1.35", "Chapter1.Listing_.1.35\Chapter1.Listing_.1.35.csproj", "{1A0DB6A6-A53C-4D61-91B6-2C16C46E59C7}"
EndProject
Project("{FAE04EC0-301F-11D3-BF4B-00C04F79EFBC}") = "Chapter1.Listing_.1.36", "Chapter1.Listing_.1.36\Chapter1.Listing_.1.36.csproj", "{7B7C2998-F568-4CBA-82BD-21B49F7067DF}"
EndProject
Project("{FAE04EC0-301F-11D3-BF4B-00C04F79EFBC}") = "Chapter1.Listing_.1.37", "Chapter1.Listing_.1.37\Chapter1.Listing_.1.37.csproj", "{B81235AA-B4DF-4DEB-9CF1-1F4B52F37F6E}"
EndProject
Project("{FAE04EC0-301F-11D3-BF4B-00C04F79EFBC}") = "Chapter1.Listing_.1.39", "Chapter1.Listing_.1.39\Chapter1.Listing_.1.39.csproj", "{CE55897C-FB44-4DB9-A5D1-5EEEBA9C188F}"
EndProject
Project("{FAE04EC0-301F-11D3-BF4B-00C04F79EFBC}") = "Chapter1.Listing_.1.40", "Chapter1.Listing_.1.40\Chapter1.Listing_.1.40.csproj", "{E0A9FE9B-748F-4D9C-9CDE-12170B43EE12}"
EndProject
Project("{FAE04EC0-301F-11D3-BF4B-00C04F79EFBC}") = "Chapter1.Listing_.1.41", "Chapter1.Listing_.1.41\Chapter1.Listing_.1.41.csproj", "{0A530B70-334E-4B6F-91B1-1C6EFDE341A7}"
EndProject
Project("{2150E333-8FDC-42A3-9474-1A3956D46DE8}") = "2.Canceling", "2.Canceling", "{D7DD47E0-3686-471A-8D43-3DD8F0B0D59B}"
EndProject
Project("{FAE04EC0-301F-11D3-BF4B-00C04F79EFBC}") = "Chapter1.Listing_.1.42", "Chapter1.Listing_.1.42\Chapter1.Listing_.1.42.csproj", "{BA6AA1A5-95E5-4BEB-B6C1-832BC933281E}"
EndProject
Project("{FAE04EC0-301F-11D3-BF4B-00C04F79EFBC}") = "Chapter1.Listing_.1.43", "Chapter1.Listing_.1.43\Chapter1.Listing_.1.43.csproj", "{196C923B-52C1-4D05-9B4C-00E6D0B91447}"
EndProject
Project("{FAE04EC0-301F-11D3-BF4B-00C04F79EFBC}") = "Chapter1.Listing_.1.44", "Chapter1.Listing_.1.44\Chapter1.Listing_.1.44.csproj", "{066DE211-C232-4A7D-BF42-3161E238A9D8}"
EndProject
Project("{FAE04EC0-301F-11D3-BF4B-00C04F79EFBC}") = "Chapter1.Listing_.1.45", "Chapter1.Listing_.1.45\Chapter1.Listing_.1.45.csproj", "{E8363CF9-961E-4084-8CE7-63CB143B9C17}"
EndProject
Project("{2150E333-8FDC-42A3-9474-1A3956D46DE8}") = "Objective_1.3", "Objective_1.3", "{B4FD549E-7AFA-47D4-A301-9FC6F30D75B4}"
EndProject
Project("{2150E333-8FDC-42A3-9474-1A3956D46DE8}") = "1.Boolean Expressions", "1.Boolean Expressions", "{9FF3EAA1-F751-4501-BAA7-60B6B5EE0102}"
EndProject
Project("{FAE04EC0-301F-11D3-BF4B-00C04F79EFBC}") = "Chapter1.Listing_.1.48_1.49_1.50_1.51", "Chapter1.Listing_.1.46\Chapter1.Listing_.1.48_1.49_1.50_1.51.csproj", "{8D92C6CB-7A34-4FCF-9E73-5D42F8610D72}"
EndProject
Project("{FAE04EC0-301F-11D3-BF4B-00C04F79EFBC}") = "Chapter1.Listing_.1.63", "Chapter1.Listing_.1.63\Chapter1.Listing_.1.63.csproj", "{D8675B7C-5E81-419B-BA10-D1FB33A3FAD7}"
EndProject
Project("{2150E333-8FDC-42A3-9474-1A3956D46DE8}") = "2.Jump", "2.Jump", "{6F2F1BD6-6FDD-4E90-9908-87A06C819BA5}"
EndProject
Project("{FAE04EC0-301F-11D3-BF4B-00C04F79EFBC}") = "Chapter1.Listing_.1.74", "Chapter1.Listing_.1.74\Chapter1.Listing_.1.74.csproj", "{FA32BA2C-3962-4474-B48B-BE1EEF51503E}"
EndProject
Project("{2150E333-8FDC-42A3-9474-1A3956D46DE8}") = "Objective_1.4", "Objective_1.4", "{67A9D18F-7621-48FC-AC80-4893CEF60A89}"
EndProject
Project("{2150E333-8FDC-42A3-9474-1A3956D46DE8}") = "1.Delegates", "1.Delegates", "{3D8DD809-0CA1-461E-B848-B36009E1C5B4}"
EndProject
Project("{FAE04EC0-301F-11D3-BF4B-00C04F79EFBC}") = "Chapter1.Listing_.1.75", "Chapter1.Listing_.1.75\Chapter1.Listing_.1.75.csproj", "{B9D2A2CF-F780-4667-B89A-C4EE2A8995EA}"
EndProject
Project("{FAE04EC0-301F-11D3-BF4B-00C04F79EFBC}") = "Chapter1.Listing_.1.76", "Chapter1.Listing_.1.76\Chapter1.Listing_.1.76.csproj", "{A23E1FCC-9E6E-4F9E-9B92-DBBD66D580A0}"
EndProject
Project("{FAE04EC0-301F-11D3-BF4B-00C04F79EFBC}") = "Chapter1.Listing_.1.77_1.78", "Chapter1.Listing_.1.77\Chapter1.Listing_.1.77_1.78.csproj", "{EBB06DB5-3E73-49FF-B961-5702573F25D5}"
EndProject
Project("{2150E333-8FDC-42A3-9474-1A3956D46DE8}") = "2.Lambda", "2.Lambda", "{ED0525B3-666E-4553-8CA0-0C4A53716E78}"
EndProject
Global
	GlobalSection(SolutionConfigurationPlatforms) = preSolution
		Debug|Any CPU = Debug|Any CPU
		Release|Any CPU = Release|Any CPU
	EndGlobalSection
	GlobalSection(ProjectConfigurationPlatforms) = postSolution
		{F849D104-BC28-404D-9CF9-BE8FB05826F7}.Debug|Any CPU.ActiveCfg = Debug|Any CPU
		{F849D104-BC28-404D-9CF9-BE8FB05826F7}.Debug|Any CPU.Build.0 = Debug|Any CPU
		{F849D104-BC28-404D-9CF9-BE8FB05826F7}.Release|Any CPU.ActiveCfg = Release|Any CPU
		{F849D104-BC28-404D-9CF9-BE8FB05826F7}.Release|Any CPU.Build.0 = Release|Any CPU
		{F142A993-0741-4398-93C2-47ED4C9753B5}.Debug|Any CPU.ActiveCfg = Debug|Any CPU
		{F142A993-0741-4398-93C2-47ED4C9753B5}.Debug|Any CPU.Build.0 = Debug|Any CPU
		{F142A993-0741-4398-93C2-47ED4C9753B5}.Release|Any CPU.ActiveCfg = Release|Any CPU
		{F142A993-0741-4398-93C2-47ED4C9753B5}.Release|Any CPU.Build.0 = Release|Any CPU
		{87A7B2FC-45D7-4DE5-9D40-733FA0BEBD36}.Debug|Any CPU.ActiveCfg = Debug|Any CPU
		{87A7B2FC-45D7-4DE5-9D40-733FA0BEBD36}.Debug|Any CPU.Build.0 = Debug|Any CPU
		{87A7B2FC-45D7-4DE5-9D40-733FA0BEBD36}.Release|Any CPU.ActiveCfg = Release|Any CPU
		{87A7B2FC-45D7-4DE5-9D40-733FA0BEBD36}.Release|Any CPU.Build.0 = Release|Any CPU
		{8266ED8C-14EA-4BB4-A12A-1C1F71847B1C}.Debug|Any CPU.ActiveCfg = Debug|Any CPU
		{8266ED8C-14EA-4BB4-A12A-1C1F71847B1C}.Debug|Any CPU.Build.0 = Debug|Any CPU
		{8266ED8C-14EA-4BB4-A12A-1C1F71847B1C}.Release|Any CPU.ActiveCfg = Release|Any CPU
		{8266ED8C-14EA-4BB4-A12A-1C1F71847B1C}.Release|Any CPU.Build.0 = Release|Any CPU
		{C509FCFF-0FE9-4B7D-8A1E-FEA401E22C3A}.Debug|Any CPU.ActiveCfg = Debug|Any CPU
		{C509FCFF-0FE9-4B7D-8A1E-FEA401E22C3A}.Debug|Any CPU.Build.0 = Debug|Any CPU
		{C509FCFF-0FE9-4B7D-8A1E-FEA401E22C3A}.Release|Any CPU.ActiveCfg = Release|Any CPU
		{C509FCFF-0FE9-4B7D-8A1E-FEA401E22C3A}.Release|Any CPU.Build.0 = Release|Any CPU
		{C0038305-B8B9-46EE-B7B4-BD0F9D4FEE20}.Debug|Any CPU.ActiveCfg = Debug|Any CPU
		{C0038305-B8B9-46EE-B7B4-BD0F9D4FEE20}.Debug|Any CPU.Build.0 = Debug|Any CPU
		{C0038305-B8B9-46EE-B7B4-BD0F9D4FEE20}.Release|Any CPU.ActiveCfg = Release|Any CPU
		{C0038305-B8B9-46EE-B7B4-BD0F9D4FEE20}.Release|Any CPU.Build.0 = Release|Any CPU
		{BEA40AE0-48D8-4AF6-AF2B-7A9B112771EE}.Debug|Any CPU.ActiveCfg = Debug|Any CPU
		{BEA40AE0-48D8-4AF6-AF2B-7A9B112771EE}.Debug|Any CPU.Build.0 = Debug|Any CPU
		{BEA40AE0-48D8-4AF6-AF2B-7A9B112771EE}.Release|Any CPU.ActiveCfg = Release|Any CPU
		{BEA40AE0-48D8-4AF6-AF2B-7A9B112771EE}.Release|Any CPU.Build.0 = Release|Any CPU
		{6CF2CE5A-0661-4DC8-8748-7E4741CDE64B}.Debug|Any CPU.ActiveCfg = Debug|Any CPU
		{6CF2CE5A-0661-4DC8-8748-7E4741CDE64B}.Debug|Any CPU.Build.0 = Debug|Any CPU
		{6CF2CE5A-0661-4DC8-8748-7E4741CDE64B}.Release|Any CPU.ActiveCfg = Release|Any CPU
		{6CF2CE5A-0661-4DC8-8748-7E4741CDE64B}.Release|Any CPU.Build.0 = Release|Any CPU
		{FEF42775-7F63-4FB3-9E0C-8E898DA15123}.Debug|Any CPU.ActiveCfg = Debug|Any CPU
		{FEF42775-7F63-4FB3-9E0C-8E898DA15123}.Debug|Any CPU.Build.0 = Debug|Any CPU
		{FEF42775-7F63-4FB3-9E0C-8E898DA15123}.Release|Any CPU.ActiveCfg = Release|Any CPU
		{FEF42775-7F63-4FB3-9E0C-8E898DA15123}.Release|Any CPU.Build.0 = Release|Any CPU
		{3CCDB13A-9E19-44EC-B5DC-98C60D841615}.Debug|Any CPU.ActiveCfg = Debug|Any CPU
		{3CCDB13A-9E19-44EC-B5DC-98C60D841615}.Debug|Any CPU.Build.0 = Debug|Any CPU
		{3CCDB13A-9E19-44EC-B5DC-98C60D841615}.Release|Any CPU.ActiveCfg = Release|Any CPU
		{3CCDB13A-9E19-44EC-B5DC-98C60D841615}.Release|Any CPU.Build.0 = Release|Any CPU
		{C6D07A0C-BEBA-47D5-814D-C9A7E259BD42}.Debug|Any CPU.ActiveCfg = Debug|Any CPU
		{C6D07A0C-BEBA-47D5-814D-C9A7E259BD42}.Debug|Any CPU.Build.0 = Debug|Any CPU
		{C6D07A0C-BEBA-47D5-814D-C9A7E259BD42}.Release|Any CPU.ActiveCfg = Release|Any CPU
		{C6D07A0C-BEBA-47D5-814D-C9A7E259BD42}.Release|Any CPU.Build.0 = Release|Any CPU
		{58229541-B6FD-4363-A9DE-D3578969CD15}.Debug|Any CPU.ActiveCfg = Debug|Any CPU
		{58229541-B6FD-4363-A9DE-D3578969CD15}.Debug|Any CPU.Build.0 = Debug|Any CPU
		{58229541-B6FD-4363-A9DE-D3578969CD15}.Release|Any CPU.ActiveCfg = Release|Any CPU
		{58229541-B6FD-4363-A9DE-D3578969CD15}.Release|Any CPU.Build.0 = Release|Any CPU
		{4BD7F24D-D1CC-4CF2-9383-96DA94A1DCAB}.Debug|Any CPU.ActiveCfg = Debug|Any CPU
		{4BD7F24D-D1CC-4CF2-9383-96DA94A1DCAB}.Debug|Any CPU.Build.0 = Debug|Any CPU
		{4BD7F24D-D1CC-4CF2-9383-96DA94A1DCAB}.Release|Any CPU.ActiveCfg = Release|Any CPU
		{4BD7F24D-D1CC-4CF2-9383-96DA94A1DCAB}.Release|Any CPU.Build.0 = Release|Any CPU
		{F9B3709B-5E9C-4D51-9F7C-44EA52279E95}.Debug|Any CPU.ActiveCfg = Debug|Any CPU
		{F9B3709B-5E9C-4D51-9F7C-44EA52279E95}.Debug|Any CPU.Build.0 = Debug|Any CPU
		{F9B3709B-5E9C-4D51-9F7C-44EA52279E95}.Release|Any CPU.ActiveCfg = Release|Any CPU
		{F9B3709B-5E9C-4D51-9F7C-44EA52279E95}.Release|Any CPU.Build.0 = Release|Any CPU
		{ACDA0575-1742-4B4D-A235-3AF39ED8D509}.Debug|Any CPU.ActiveCfg = Debug|Any CPU
		{ACDA0575-1742-4B4D-A235-3AF39ED8D509}.Debug|Any CPU.Build.0 = Debug|Any CPU
		{ACDA0575-1742-4B4D-A235-3AF39ED8D509}.Release|Any CPU.ActiveCfg = Release|Any CPU
		{ACDA0575-1742-4B4D-A235-3AF39ED8D509}.Release|Any CPU.Build.0 = Release|Any CPU
		{ACDD70EA-2E79-470C-AD99-E048CC4C79AF}.Debug|Any CPU.ActiveCfg = Debug|Any CPU
		{ACDD70EA-2E79-470C-AD99-E048CC4C79AF}.Debug|Any CPU.Build.0 = Debug|Any CPU
		{ACDD70EA-2E79-470C-AD99-E048CC4C79AF}.Release|Any CPU.ActiveCfg = Release|Any CPU
		{ACDD70EA-2E79-470C-AD99-E048CC4C79AF}.Release|Any CPU.Build.0 = Release|Any CPU
		{F0D7BF23-6054-4A0C-9CFA-A064E6D4442F}.Debug|Any CPU.ActiveCfg = Debug|Any CPU
		{F0D7BF23-6054-4A0C-9CFA-A064E6D4442F}.Debug|Any CPU.Build.0 = Debug|Any CPU
		{F0D7BF23-6054-4A0C-9CFA-A064E6D4442F}.Release|Any CPU.ActiveCfg = Release|Any CPU
		{F0D7BF23-6054-4A0C-9CFA-A064E6D4442F}.Release|Any CPU.Build.0 = Release|Any CPU
		{D3D93042-5108-4672-88AB-B40035F4782D}.Debug|Any CPU.ActiveCfg = Debug|Any CPU
		{D3D93042-5108-4672-88AB-B40035F4782D}.Debug|Any CPU.Build.0 = Debug|Any CPU
		{D3D93042-5108-4672-88AB-B40035F4782D}.Release|Any CPU.ActiveCfg = Release|Any CPU
		{D3D93042-5108-4672-88AB-B40035F4782D}.Release|Any CPU.Build.0 = Release|Any CPU
		{78258344-B4B0-4253-B208-21D8AE89B6E6}.Debug|Any CPU.ActiveCfg = Debug|Any CPU
		{78258344-B4B0-4253-B208-21D8AE89B6E6}.Debug|Any CPU.Build.0 = Debug|Any CPU
		{78258344-B4B0-4253-B208-21D8AE89B6E6}.Release|Any CPU.ActiveCfg = Release|Any CPU
		{78258344-B4B0-4253-B208-21D8AE89B6E6}.Release|Any CPU.Build.0 = Release|Any CPU
		{38F8FD22-6A73-42F7-AAA4-ABBD809AEF2E}.Debug|Any CPU.ActiveCfg = Debug|Any CPU
		{38F8FD22-6A73-42F7-AAA4-ABBD809AEF2E}.Debug|Any CPU.Build.0 = Debug|Any CPU
		{38F8FD22-6A73-42F7-AAA4-ABBD809AEF2E}.Release|Any CPU.ActiveCfg = Release|Any CPU
		{38F8FD22-6A73-42F7-AAA4-ABBD809AEF2E}.Release|Any CPU.Build.0 = Release|Any CPU
		{80BEDFC8-31E3-43F8-A753-8DB2EBB8DCA9}.Debug|Any CPU.ActiveCfg = Debug|Any CPU
		{80BEDFC8-31E3-43F8-A753-8DB2EBB8DCA9}.Debug|Any CPU.Build.0 = Debug|Any CPU
		{80BEDFC8-31E3-43F8-A753-8DB2EBB8DCA9}.Release|Any CPU.ActiveCfg = Release|Any CPU
		{80BEDFC8-31E3-43F8-A753-8DB2EBB8DCA9}.Release|Any CPU.Build.0 = Release|Any CPU
		{491C178A-C361-4758-B42E-46A60AD5363D}.Debug|Any CPU.ActiveCfg = Debug|Any CPU
		{491C178A-C361-4758-B42E-46A60AD5363D}.Debug|Any CPU.Build.0 = Debug|Any CPU
		{491C178A-C361-4758-B42E-46A60AD5363D}.Release|Any CPU.ActiveCfg = Release|Any CPU
		{491C178A-C361-4758-B42E-46A60AD5363D}.Release|Any CPU.Build.0 = Release|Any CPU
		{9DC9B611-7417-4B86-9B20-5248AD0A31BB}.Debug|Any CPU.ActiveCfg = Debug|Any CPU
		{9DC9B611-7417-4B86-9B20-5248AD0A31BB}.Debug|Any CPU.Build.0 = Debug|Any CPU
		{9DC9B611-7417-4B86-9B20-5248AD0A31BB}.Release|Any CPU.ActiveCfg = Release|Any CPU
		{9DC9B611-7417-4B86-9B20-5248AD0A31BB}.Release|Any CPU.Build.0 = Release|Any CPU
		{9A1B38A4-D6DD-4698-8B1F-C09AAA3D7197}.Debug|Any CPU.ActiveCfg = Debug|Any CPU
		{9A1B38A4-D6DD-4698-8B1F-C09AAA3D7197}.Debug|Any CPU.Build.0 = Debug|Any CPU
		{9A1B38A4-D6DD-4698-8B1F-C09AAA3D7197}.Release|Any CPU.ActiveCfg = Release|Any CPU
		{9A1B38A4-D6DD-4698-8B1F-C09AAA3D7197}.Release|Any CPU.Build.0 = Release|Any CPU
		{BA066F4D-9797-4DAF-B2D0-3231CC454876}.Debug|Any CPU.ActiveCfg = Debug|Any CPU
		{BA066F4D-9797-4DAF-B2D0-3231CC454876}.Debug|Any CPU.Build.0 = Debug|Any CPU
		{BA066F4D-9797-4DAF-B2D0-3231CC454876}.Release|Any CPU.ActiveCfg = Release|Any CPU
		{BA066F4D-9797-4DAF-B2D0-3231CC454876}.Release|Any CPU.Build.0 = Release|Any CPU
		{22EF5960-7DBB-48E2-9BC1-D6489F3ABDCE}.Debug|Any CPU.ActiveCfg = Debug|Any CPU
		{22EF5960-7DBB-48E2-9BC1-D6489F3ABDCE}.Debug|Any CPU.Build.0 = Debug|Any CPU
		{22EF5960-7DBB-48E2-9BC1-D6489F3ABDCE}.Release|Any CPU.ActiveCfg = Release|Any CPU
		{22EF5960-7DBB-48E2-9BC1-D6489F3ABDCE}.Release|Any CPU.Build.0 = Release|Any CPU
		{DD512B66-3E02-4051-A5D9-783D37FE2F8B}.Debug|Any CPU.ActiveCfg = Debug|Any CPU
		{DD512B66-3E02-4051-A5D9-783D37FE2F8B}.Debug|Any CPU.Build.0 = Debug|Any CPU
		{DD512B66-3E02-4051-A5D9-783D37FE2F8B}.Release|Any CPU.ActiveCfg = Release|Any CPU
		{DD512B66-3E02-4051-A5D9-783D37FE2F8B}.Release|Any CPU.Build.0 = Release|Any CPU
		{C498F40E-55AA-4BE6-A174-021B0E7BD6AE}.Debug|Any CPU.ActiveCfg = Debug|Any CPU
		{C498F40E-55AA-4BE6-A174-021B0E7BD6AE}.Debug|Any CPU.Build.0 = Debug|Any CPU
		{C498F40E-55AA-4BE6-A174-021B0E7BD6AE}.Release|Any CPU.ActiveCfg = Release|Any CPU
		{C498F40E-55AA-4BE6-A174-021B0E7BD6AE}.Release|Any CPU.Build.0 = Release|Any CPU
		{4BCFB1F2-049E-4006-B1FE-6593DBFDC271}.Debug|Any CPU.ActiveCfg = Debug|Any CPU
		{4BCFB1F2-049E-4006-B1FE-6593DBFDC271}.Debug|Any CPU.Build.0 = Debug|Any CPU
		{4BCFB1F2-049E-4006-B1FE-6593DBFDC271}.Release|Any CPU.ActiveCfg = Release|Any CPU
		{4BCFB1F2-049E-4006-B1FE-6593DBFDC271}.Release|Any CPU.Build.0 = Release|Any CPU
		{1D1DA84E-0105-4B66-8D66-9790C6009312}.Debug|Any CPU.ActiveCfg = Debug|Any CPU
		{1D1DA84E-0105-4B66-8D66-9790C6009312}.Debug|Any CPU.Build.0 = Debug|Any CPU
		{1D1DA84E-0105-4B66-8D66-9790C6009312}.Release|Any CPU.ActiveCfg = Release|Any CPU
		{1D1DA84E-0105-4B66-8D66-9790C6009312}.Release|Any CPU.Build.0 = Release|Any CPU
		{397F66DF-B7CC-4D63-A0D7-D06FCC8E4698}.Debug|Any CPU.ActiveCfg = Debug|Any CPU
		{397F66DF-B7CC-4D63-A0D7-D06FCC8E4698}.Debug|Any CPU.Build.0 = Debug|Any CPU
		{397F66DF-B7CC-4D63-A0D7-D06FCC8E4698}.Release|Any CPU.ActiveCfg = Release|Any CPU
		{397F66DF-B7CC-4D63-A0D7-D06FCC8E4698}.Release|Any CPU.Build.0 = Release|Any CPU
		{4307514E-281E-4F46-933A-6BDEE6202AB1}.Debug|Any CPU.ActiveCfg = Debug|Any CPU
		{4307514E-281E-4F46-933A-6BDEE6202AB1}.Debug|Any CPU.Build.0 = Debug|Any CPU
		{4307514E-281E-4F46-933A-6BDEE6202AB1}.Release|Any CPU.ActiveCfg = Release|Any CPU
		{4307514E-281E-4F46-933A-6BDEE6202AB1}.Release|Any CPU.Build.0 = Release|Any CPU
		{1A0DB6A6-A53C-4D61-91B6-2C16C46E59C7}.Debug|Any CPU.ActiveCfg = Debug|Any CPU
		{1A0DB6A6-A53C-4D61-91B6-2C16C46E59C7}.Debug|Any CPU.Build.0 = Debug|Any CPU
		{1A0DB6A6-A53C-4D61-91B6-2C16C46E59C7}.Release|Any CPU.ActiveCfg = Release|Any CPU
		{1A0DB6A6-A53C-4D61-91B6-2C16C46E59C7}.Release|Any CPU.Build.0 = Release|Any CPU
		{7B7C2998-F568-4CBA-82BD-21B49F7067DF}.Debug|Any CPU.ActiveCfg = Debug|Any CPU
		{7B7C2998-F568-4CBA-82BD-21B49F7067DF}.Debug|Any CPU.Build.0 = Debug|Any CPU
		{7B7C2998-F568-4CBA-82BD-21B49F7067DF}.Release|Any CPU.ActiveCfg = Release|Any CPU
		{7B7C2998-F568-4CBA-82BD-21B49F7067DF}.Release|Any CPU.Build.0 = Release|Any CPU
		{B81235AA-B4DF-4DEB-9CF1-1F4B52F37F6E}.Debug|Any CPU.ActiveCfg = Debug|Any CPU
		{B81235AA-B4DF-4DEB-9CF1-1F4B52F37F6E}.Debug|Any CPU.Build.0 = Debug|Any CPU
		{B81235AA-B4DF-4DEB-9CF1-1F4B52F37F6E}.Release|Any CPU.ActiveCfg = Release|Any CPU
		{B81235AA-B4DF-4DEB-9CF1-1F4B52F37F6E}.Release|Any CPU.Build.0 = Release|Any CPU
		{CE55897C-FB44-4DB9-A5D1-5EEEBA9C188F}.Debug|Any CPU.ActiveCfg = Debug|Any CPU
		{CE55897C-FB44-4DB9-A5D1-5EEEBA9C188F}.Debug|Any CPU.Build.0 = Debug|Any CPU
		{CE55897C-FB44-4DB9-A5D1-5EEEBA9C188F}.Release|Any CPU.ActiveCfg = Release|Any CPU
		{CE55897C-FB44-4DB9-A5D1-5EEEBA9C188F}.Release|Any CPU.Build.0 = Release|Any CPU
		{E0A9FE9B-748F-4D9C-9CDE-12170B43EE12}.Debug|Any CPU.ActiveCfg = Debug|Any CPU
		{E0A9FE9B-748F-4D9C-9CDE-12170B43EE12}.Debug|Any CPU.Build.0 = Debug|Any CPU
		{E0A9FE9B-748F-4D9C-9CDE-12170B43EE12}.Release|Any CPU.ActiveCfg = Release|Any CPU
		{E0A9FE9B-748F-4D9C-9CDE-12170B43EE12}.Release|Any CPU.Build.0 = Release|Any CPU
		{0A530B70-334E-4B6F-91B1-1C6EFDE341A7}.Debug|Any CPU.ActiveCfg = Debug|Any CPU
		{0A530B70-334E-4B6F-91B1-1C6EFDE341A7}.Debug|Any CPU.Build.0 = Debug|Any CPU
		{0A530B70-334E-4B6F-91B1-1C6EFDE341A7}.Release|Any CPU.ActiveCfg = Release|Any CPU
		{0A530B70-334E-4B6F-91B1-1C6EFDE341A7}.Release|Any CPU.Build.0 = Release|Any CPU
		{BA6AA1A5-95E5-4BEB-B6C1-832BC933281E}.Debug|Any CPU.ActiveCfg = Debug|Any CPU
		{BA6AA1A5-95E5-4BEB-B6C1-832BC933281E}.Debug|Any CPU.Build.0 = Debug|Any CPU
		{BA6AA1A5-95E5-4BEB-B6C1-832BC933281E}.Release|Any CPU.ActiveCfg = Release|Any CPU
		{BA6AA1A5-95E5-4BEB-B6C1-832BC933281E}.Release|Any CPU.Build.0 = Release|Any CPU
		{196C923B-52C1-4D05-9B4C-00E6D0B91447}.Debug|Any CPU.ActiveCfg = Debug|Any CPU
		{196C923B-52C1-4D05-9B4C-00E6D0B91447}.Debug|Any CPU.Build.0 = Debug|Any CPU
		{196C923B-52C1-4D05-9B4C-00E6D0B91447}.Release|Any CPU.ActiveCfg = Release|Any CPU
		{196C923B-52C1-4D05-9B4C-00E6D0B91447}.Release|Any CPU.Build.0 = Release|Any CPU
		{066DE211-C232-4A7D-BF42-3161E238A9D8}.Debug|Any CPU.ActiveCfg = Debug|Any CPU
		{066DE211-C232-4A7D-BF42-3161E238A9D8}.Debug|Any CPU.Build.0 = Debug|Any CPU
		{066DE211-C232-4A7D-BF42-3161E238A9D8}.Release|Any CPU.ActiveCfg = Release|Any CPU
		{066DE211-C232-4A7D-BF42-3161E238A9D8}.Release|Any CPU.Build.0 = Release|Any CPU
		{E8363CF9-961E-4084-8CE7-63CB143B9C17}.Debug|Any CPU.ActiveCfg = Debug|Any CPU
		{E8363CF9-961E-4084-8CE7-63CB143B9C17}.Debug|Any CPU.Build.0 = Debug|Any CPU
		{E8363CF9-961E-4084-8CE7-63CB143B9C17}.Release|Any CPU.ActiveCfg = Release|Any CPU
		{E8363CF9-961E-4084-8CE7-63CB143B9C17}.Release|Any CPU.Build.0 = Release|Any CPU
		{8D92C6CB-7A34-4FCF-9E73-5D42F8610D72}.Debug|Any CPU.ActiveCfg = Debug|Any CPU
		{8D92C6CB-7A34-4FCF-9E73-5D42F8610D72}.Debug|Any CPU.Build.0 = Debug|Any CPU
		{8D92C6CB-7A34-4FCF-9E73-5D42F8610D72}.Release|Any CPU.ActiveCfg = Release|Any CPU
		{8D92C6CB-7A34-4FCF-9E73-5D42F8610D72}.Release|Any CPU.Build.0 = Release|Any CPU
		{D8675B7C-5E81-419B-BA10-D1FB33A3FAD7}.Debug|Any CPU.ActiveCfg = Debug|Any CPU
		{D8675B7C-5E81-419B-BA10-D1FB33A3FAD7}.Debug|Any CPU.Build.0 = Debug|Any CPU
		{D8675B7C-5E81-419B-BA10-D1FB33A3FAD7}.Release|Any CPU.ActiveCfg = Release|Any CPU
		{D8675B7C-5E81-419B-BA10-D1FB33A3FAD7}.Release|Any CPU.Build.0 = Release|Any CPU
		{FA32BA2C-3962-4474-B48B-BE1EEF51503E}.Debug|Any CPU.ActiveCfg = Debug|Any CPU
		{FA32BA2C-3962-4474-B48B-BE1EEF51503E}.Debug|Any CPU.Build.0 = Debug|Any CPU
		{FA32BA2C-3962-4474-B48B-BE1EEF51503E}.Release|Any CPU.ActiveCfg = Release|Any CPU
		{FA32BA2C-3962-4474-B48B-BE1EEF51503E}.Release|Any CPU.Build.0 = Release|Any CPU
		{B9D2A2CF-F780-4667-B89A-C4EE2A8995EA}.Debug|Any CPU.ActiveCfg = Debug|Any CPU
		{B9D2A2CF-F780-4667-B89A-C4EE2A8995EA}.Debug|Any CPU.Build.0 = Debug|Any CPU
		{B9D2A2CF-F780-4667-B89A-C4EE2A8995EA}.Release|Any CPU.ActiveCfg = Release|Any CPU
		{B9D2A2CF-F780-4667-B89A-C4EE2A8995EA}.Release|Any CPU.Build.0 = Release|Any CPU
		{A23E1FCC-9E6E-4F9E-9B92-DBBD66D580A0}.Debug|Any CPU.ActiveCfg = Debug|Any CPU
		{A23E1FCC-9E6E-4F9E-9B92-DBBD66D580A0}.Debug|Any CPU.Build.0 = Debug|Any CPU
		{A23E1FCC-9E6E-4F9E-9B92-DBBD66D580A0}.Release|Any CPU.ActiveCfg = Release|Any CPU
		{A23E1FCC-9E6E-4F9E-9B92-DBBD66D580A0}.Release|Any CPU.Build.0 = Release|Any CPU
		{EBB06DB5-3E73-49FF-B961-5702573F25D5}.Debug|Any CPU.ActiveCfg = Debug|Any CPU
		{EBB06DB5-3E73-49FF-B961-5702573F25D5}.Debug|Any CPU.Build.0 = Debug|Any CPU
		{EBB06DB5-3E73-49FF-B961-5702573F25D5}.Release|Any CPU.ActiveCfg = Release|Any CPU
		{EBB06DB5-3E73-49FF-B961-5702573F25D5}.Release|Any CPU.Build.0 = Release|Any CPU
	EndGlobalSection
	GlobalSection(SolutionProperties) = preSolution
		HideSolutionNode = FALSE
	EndGlobalSection
	GlobalSection(NestedProjects) = preSolution
		{F849D104-BC28-404D-9CF9-BE8FB05826F7} = {4A8734FF-9FDD-4C40-8A31-AC32B0D85C60}
		{F142A993-0741-4398-93C2-47ED4C9753B5} = {4A8734FF-9FDD-4C40-8A31-AC32B0D85C60}
		{87A7B2FC-45D7-4DE5-9D40-733FA0BEBD36} = {4A8734FF-9FDD-4C40-8A31-AC32B0D85C60}
		{8266ED8C-14EA-4BB4-A12A-1C1F71847B1C} = {4A8734FF-9FDD-4C40-8A31-AC32B0D85C60}
		{C509FCFF-0FE9-4B7D-8A1E-FEA401E22C3A} = {4A8734FF-9FDD-4C40-8A31-AC32B0D85C60}
		{C0038305-B8B9-46EE-B7B4-BD0F9D4FEE20} = {4A8734FF-9FDD-4C40-8A31-AC32B0D85C60}
		{BEA40AE0-48D8-4AF6-AF2B-7A9B112771EE} = {64FC949F-A05E-465F-AAFA-84028C1B1B0A}
		{6CF2CE5A-0661-4DC8-8748-7E4741CDE64B} = {DB4B3CBE-09A3-4E46-9297-0BD9C6CB27F3}
		{FEF42775-7F63-4FB3-9E0C-8E898DA15123} = {DB4B3CBE-09A3-4E46-9297-0BD9C6CB27F3}
		{3CCDB13A-9E19-44EC-B5DC-98C60D841615} = {DB4B3CBE-09A3-4E46-9297-0BD9C6CB27F3}
		{C6D07A0C-BEBA-47D5-814D-C9A7E259BD42} = {DB4B3CBE-09A3-4E46-9297-0BD9C6CB27F3}
		{4A8734FF-9FDD-4C40-8A31-AC32B0D85C60} = {C230E750-D9EF-4F75-91A9-A3B675A26953}
		{64FC949F-A05E-465F-AAFA-84028C1B1B0A} = {C230E750-D9EF-4F75-91A9-A3B675A26953}
		{DB4B3CBE-09A3-4E46-9297-0BD9C6CB27F3} = {C230E750-D9EF-4F75-91A9-A3B675A26953}
		{58229541-B6FD-4363-A9DE-D3578969CD15} = {DB4B3CBE-09A3-4E46-9297-0BD9C6CB27F3}
		{4BD7F24D-D1CC-4CF2-9383-96DA94A1DCAB} = {DB4B3CBE-09A3-4E46-9297-0BD9C6CB27F3}
		{9FC6C1C7-250C-4F1F-9DD3-3C31AC5CA62C} = {C230E750-D9EF-4F75-91A9-A3B675A26953}
		{F9B3709B-5E9C-4D51-9F7C-44EA52279E95} = {9FC6C1C7-250C-4F1F-9DD3-3C31AC5CA62C}
		{ACDA0575-1742-4B4D-A235-3AF39ED8D509} = {9FC6C1C7-250C-4F1F-9DD3-3C31AC5CA62C}
		{75BCCC3E-D840-48CD-BBB5-FCD8206D7E3A} = {C230E750-D9EF-4F75-91A9-A3B675A26953}
		{ACDD70EA-2E79-470C-AD99-E048CC4C79AF} = {75BCCC3E-D840-48CD-BBB5-FCD8206D7E3A}
		{F0D7BF23-6054-4A0C-9CFA-A064E6D4442F} = {DB4B3CBE-09A3-4E46-9297-0BD9C6CB27F3}
		{D3D93042-5108-4672-88AB-B40035F4782D} = {DB4B3CBE-09A3-4E46-9297-0BD9C6CB27F3}
		{78258344-B4B0-4253-B208-21D8AE89B6E6} = {75BCCC3E-D840-48CD-BBB5-FCD8206D7E3A}
		{38F8FD22-6A73-42F7-AAA4-ABBD809AEF2E} = {75BCCC3E-D840-48CD-BBB5-FCD8206D7E3A}
		{324051B6-84EA-4251-A500-CF18A688AAB7} = {C230E750-D9EF-4F75-91A9-A3B675A26953}
		{80BEDFC8-31E3-43F8-A753-8DB2EBB8DCA9} = {324051B6-84EA-4251-A500-CF18A688AAB7}
		{491C178A-C361-4758-B42E-46A60AD5363D} = {324051B6-84EA-4251-A500-CF18A688AAB7}
		{9DC9B611-7417-4B86-9B20-5248AD0A31BB} = {324051B6-84EA-4251-A500-CF18A688AAB7}
		{9A1B38A4-D6DD-4698-8B1F-C09AAA3D7197} = {324051B6-84EA-4251-A500-CF18A688AAB7}
		{BA066F4D-9797-4DAF-B2D0-3231CC454876} = {324051B6-84EA-4251-A500-CF18A688AAB7}
		{B9A5DF0B-8652-4FAE-BBA9-C17BC80787E6} = {C230E750-D9EF-4F75-91A9-A3B675A26953}
		{22EF5960-7DBB-48E2-9BC1-D6489F3ABDCE} = {B9A5DF0B-8652-4FAE-BBA9-C17BC80787E6}
		{DD512B66-3E02-4051-A5D9-783D37FE2F8B} = {B9A5DF0B-8652-4FAE-BBA9-C17BC80787E6}
		{C498F40E-55AA-4BE6-A174-021B0E7BD6AE} = {B9A5DF0B-8652-4FAE-BBA9-C17BC80787E6}
		{4BCFB1F2-049E-4006-B1FE-6593DBFDC271} = {B9A5DF0B-8652-4FAE-BBA9-C17BC80787E6}
		{1D1DA84E-0105-4B66-8D66-9790C6009312} = {B9A5DF0B-8652-4FAE-BBA9-C17BC80787E6}
		{397F66DF-B7CC-4D63-A0D7-D06FCC8E4698} = {B9A5DF0B-8652-4FAE-BBA9-C17BC80787E6}
		{4307514E-281E-4F46-933A-6BDEE6202AB1} = {B9A5DF0B-8652-4FAE-BBA9-C17BC80787E6}
		{C230E750-D9EF-4F75-91A9-A3B675A26953} = {A0E02302-CE7E-4AEC-BCF4-55168D357612}
		{3D717F33-55E7-4F08-8FC7-E9AB99D6F336} = {A0E02302-CE7E-4AEC-BCF4-55168D357612}
		{861848D5-6D12-418E-80F9-2AE6895DB48D} = {3D717F33-55E7-4F08-8FC7-E9AB99D6F336}
		{1A0DB6A6-A53C-4D61-91B6-2C16C46E59C7} = {861848D5-6D12-418E-80F9-2AE6895DB48D}
		{7B7C2998-F568-4CBA-82BD-21B49F7067DF} = {861848D5-6D12-418E-80F9-2AE6895DB48D}
		{B81235AA-B4DF-4DEB-9CF1-1F4B52F37F6E} = {861848D5-6D12-418E-80F9-2AE6895DB48D}
		{CE55897C-FB44-4DB9-A5D1-5EEEBA9C188F} = {861848D5-6D12-418E-80F9-2AE6895DB48D}
		{E0A9FE9B-748F-4D9C-9CDE-12170B43EE12} = {861848D5-6D12-418E-80F9-2AE6895DB48D}
		{0A530B70-334E-4B6F-91B1-1C6EFDE341A7} = {861848D5-6D12-418E-80F9-2AE6895DB48D}
		{D7DD47E0-3686-471A-8D43-3DD8F0B0D59B} = {3D717F33-55E7-4F08-8FC7-E9AB99D6F336}
		{BA6AA1A5-95E5-4BEB-B6C1-832BC933281E} = {D7DD47E0-3686-471A-8D43-3DD8F0B0D59B}
		{196C923B-52C1-4D05-9B4C-00E6D0B91447} = {D7DD47E0-3686-471A-8D43-3DD8F0B0D59B}
		{066DE211-C232-4A7D-BF42-3161E238A9D8} = {D7DD47E0-3686-471A-8D43-3DD8F0B0D59B}
		{E8363CF9-961E-4084-8CE7-63CB143B9C17} = {D7DD47E0-3686-471A-8D43-3DD8F0B0D59B}
		{B4FD549E-7AFA-47D4-A301-9FC6F30D75B4} = {A0E02302-CE7E-4AEC-BCF4-55168D357612}
		{9FF3EAA1-F751-4501-BAA7-60B6B5EE0102} = {B4FD549E-7AFA-47D4-A301-9FC6F30D75B4}
		{8D92C6CB-7A34-4FCF-9E73-5D42F8610D72} = {9FF3EAA1-F751-4501-BAA7-60B6B5EE0102}
		{D8675B7C-5E81-419B-BA10-D1FB33A3FAD7} = {9FF3EAA1-F751-4501-BAA7-60B6B5EE0102}
		{6F2F1BD6-6FDD-4E90-9908-87A06C819BA5} = {B4FD549E-7AFA-47D4-A301-9FC6F30D75B4}
		{FA32BA2C-3962-4474-B48B-BE1EEF51503E} = {6F2F1BD6-6FDD-4E90-9908-87A06C819BA5}
		{67A9D18F-7621-48FC-AC80-4893CEF60A89} = {A0E02302-CE7E-4AEC-BCF4-55168D357612}
		{3D8DD809-0CA1-461E-B848-B36009E1C5B4} = {67A9D18F-7621-48FC-AC80-4893CEF60A89}
		{B9D2A2CF-F780-4667-B89A-C4EE2A8995EA} = {3D8DD809-0CA1-461E-B848-B36009E1C5B4}
		{A23E1FCC-9E6E-4F9E-9B92-DBBD66D580A0} = {3D8DD809-0CA1-461E-B848-B36009E1C5B4}
		{EBB06DB5-3E73-49FF-B961-5702573F25D5} = {3D8DD809-0CA1-461E-B848-B36009E1C5B4}
		{ED0525B3-666E-4553-8CA0-0C4A53716E78} = {67A9D18F-7621-48FC-AC80-4893CEF60A89}
	EndGlobalSection
EndGlobal
